
Microsoft Visual Studio Solution File, Format Version 12.00
# Visual Studio Version 17
VisualStudioVersion = 17.4.33213.308
MinimumVisualStudioVersion = 10.0.40219.1
Project("{FAE04EC0-301F-11D3-BF4B-00C04F79EFBC}") = "exercicio numero primo", "exercicio numero primo\exercicio numero primo.csproj", "{972E7222-83BA-4799-8794-27088AB0B764}"
EndProject
Global
	GlobalSection(SolutionConfigurationPlatforms) = preSolution
		Debug|Any CPU = Debug|Any CPU
		Release|Any CPU = Release|Any CPU
	EndGlobalSection
	GlobalSection(ProjectConfigurationPlatforms) = postSolution
		{972E7222-83BA-4799-8794-27088AB0B764}.Debug|Any CPU.ActiveCfg = Debug|Any CPU
		{972E7222-83BA-4799-8794-27088AB0B764}.Debug|Any CPU.Build.0 = Debug|Any CPU
		{972E7222-83BA-4799-8794-27088AB0B764}.Release|Any CPU.ActiveCfg = Release|Any CPU
		{972E7222-83BA-4799-8794-27088AB0B764}.Release|Any CPU.Build.0 = Release|Any CPU
	EndGlobalSection
	GlobalSection(SolutionProperties) = preSolution
		HideSolutionNode = FALSE
	EndGlobalSection
	GlobalSection(ExtensibilityGlobals) = postSolution
		SolutionGuid = {FC627ED1-073B-4037-B679-B1CFBA59D381}
	EndGlobalSection
EndGlobal
