
Microsoft Visual Studio Solution File, Format Version 12.00
# Visual Studio Version 17
VisualStudioVersion = 17.4.33213.308
MinimumVisualStudioVersion = 10.0.40219.1
Project("{FAE04EC0-301F-11D3-BF4B-00C04F79EFBC}") = "Calculo da media", "Calculo da media\Calculo da media.csproj", "{CCB40CE8-ECC9-43FE-B4CA-E25143092980}"
EndProject
Global
	GlobalSection(SolutionConfigurationPlatforms) = preSolution
		Debug|Any CPU = Debug|Any CPU
		Release|Any CPU = Release|Any CPU
	EndGlobalSection
	GlobalSection(ProjectConfigurationPlatforms) = postSolution
		{CCB40CE8-ECC9-43FE-B4CA-E25143092980}.Debug|Any CPU.ActiveCfg = Debug|Any CPU
		{CCB40CE8-ECC9-43FE-B4CA-E25143092980}.Debug|Any CPU.Build.0 = Debug|Any CPU
		{CCB40CE8-ECC9-43FE-B4CA-E25143092980}.Release|Any CPU.ActiveCfg = Release|Any CPU
		{CCB40CE8-ECC9-43FE-B4CA-E25143092980}.Release|Any CPU.Build.0 = Release|Any CPU
	EndGlobalSection
	GlobalSection(SolutionProperties) = preSolution
		HideSolutionNode = FALSE
	EndGlobalSection
	GlobalSection(ExtensibilityGlobals) = postSolution
		SolutionGuid = {F540D21D-551B-4362-977D-F6141658B45A}
	EndGlobalSection
EndGlobal
