
Microsoft Visual Studio Solution File, Format Version 12.00
# Visual Studio Version 17
VisualStudioVersion = 17.4.33213.308
MinimumVisualStudioVersion = 10.0.40219.1
Project("{FAE04EC0-301F-11D3-BF4B-00C04F79EFBC}") = "ConsoleHeranca", "ConsoleHeranca\ConsoleHeranca.csproj", "{70D8BE03-D892-49C7-AE17-42A36E2B9784}"
EndProject
Global
	GlobalSection(SolutionConfigurationPlatforms) = preSolution
		Debug|Any CPU = Debug|Any CPU
		Release|Any CPU = Release|Any CPU
	EndGlobalSection
	GlobalSection(ProjectConfigurationPlatforms) = postSolution
		{70D8BE03-D892-49C7-AE17-42A36E2B9784}.Debug|Any CPU.ActiveCfg = Debug|Any CPU
		{70D8BE03-D892-49C7-AE17-42A36E2B9784}.Debug|Any CPU.Build.0 = Debug|Any CPU
		{70D8BE03-D892-49C7-AE17-42A36E2B9784}.Release|Any CPU.ActiveCfg = Release|Any CPU
		{70D8BE03-D892-49C7-AE17-42A36E2B9784}.Release|Any CPU.Build.0 = Release|Any CPU
	EndGlobalSection
	GlobalSection(SolutionProperties) = preSolution
		HideSolutionNode = FALSE
	EndGlobalSection
	GlobalSection(ExtensibilityGlobals) = postSolution
		SolutionGuid = {629A47ED-3346-4A91-808E-466B41595010}
	EndGlobalSection
EndGlobal
