
Microsoft Visual Studio Solution File, Format Version 12.00
# Visual Studio Version 17
VisualStudioVersion = 17.4.33213.308
MinimumVisualStudioVersion = 10.0.40219.1
Project("{FAE04EC0-301F-11D3-BF4B-00C04F79EFBC}") = "ClassVisual", "ClassVisual\ClassVisual.csproj", "{12296AE8-7FD4-4699-B220-0BE3F61AB6EB}"
EndProject
Global
	GlobalSection(SolutionConfigurationPlatforms) = preSolution
		Debug|Any CPU = Debug|Any CPU
		Release|Any CPU = Release|Any CPU
	EndGlobalSection
	GlobalSection(ProjectConfigurationPlatforms) = postSolution
		{12296AE8-7FD4-4699-B220-0BE3F61AB6EB}.Debug|Any CPU.ActiveCfg = Debug|Any CPU
		{12296AE8-7FD4-4699-B220-0BE3F61AB6EB}.Debug|Any CPU.Build.0 = Debug|Any CPU
		{12296AE8-7FD4-4699-B220-0BE3F61AB6EB}.Release|Any CPU.ActiveCfg = Release|Any CPU
		{12296AE8-7FD4-4699-B220-0BE3F61AB6EB}.Release|Any CPU.Build.0 = Release|Any CPU
	EndGlobalSection
	GlobalSection(SolutionProperties) = preSolution
		HideSolutionNode = FALSE
	EndGlobalSection
	GlobalSection(ExtensibilityGlobals) = postSolution
		SolutionGuid = {24F8CCF9-B4FB-446D-86BF-1AA8872BCF5E}
	EndGlobalSection
EndGlobal
