
Microsoft Visual Studio Solution File, Format Version 12.00
# Visual Studio Version 17
VisualStudioVersion = 17.4.33213.308
MinimumVisualStudioVersion = 10.0.40219.1
Project("{FAE04EC0-301F-11D3-BF4B-00C04F79EFBC}") = "VisualizadorDeImagens", "VisualizadorDeImagens\VisualizadorDeImagens.csproj", "{C95C8961-A026-43B0-B4B2-D2852705BEDB}"
EndProject
Global
	GlobalSection(SolutionConfigurationPlatforms) = preSolution
		Debug|Any CPU = Debug|Any CPU
		Release|Any CPU = Release|Any CPU
	EndGlobalSection
	GlobalSection(ProjectConfigurationPlatforms) = postSolution
		{C95C8961-A026-43B0-B4B2-D2852705BEDB}.Debug|Any CPU.ActiveCfg = Debug|Any CPU
		{C95C8961-A026-43B0-B4B2-D2852705BEDB}.Debug|Any CPU.Build.0 = Debug|Any CPU
		{C95C8961-A026-43B0-B4B2-D2852705BEDB}.Release|Any CPU.ActiveCfg = Release|Any CPU
		{C95C8961-A026-43B0-B4B2-D2852705BEDB}.Release|Any CPU.Build.0 = Release|Any CPU
	EndGlobalSection
	GlobalSection(SolutionProperties) = preSolution
		HideSolutionNode = FALSE
	EndGlobalSection
	GlobalSection(ExtensibilityGlobals) = postSolution
		SolutionGuid = {C7870C27-ED06-430B-90D6-73F57CB8C12C}
	EndGlobalSection
EndGlobal
