
Microsoft Visual Studio Solution File, Format Version 12.00
# Visual Studio Version 17
VisualStudioVersion = 17.4.33213.308
MinimumVisualStudioVersion = 10.0.40219.1
Project("{FAE04EC0-301F-11D3-BF4B-00C04F79EFBC}") = "Repetiçao 1 a 10", "Repetiçao 1 a 10\Repetiçao 1 a 10.csproj", "{3B745FB6-EE81-49DC-A0F0-A520D5244595}"
EndProject
Global
	GlobalSection(SolutionConfigurationPlatforms) = preSolution
		Debug|Any CPU = Debug|Any CPU
		Release|Any CPU = Release|Any CPU
	EndGlobalSection
	GlobalSection(ProjectConfigurationPlatforms) = postSolution
		{3B745FB6-EE81-49DC-A0F0-A520D5244595}.Debug|Any CPU.ActiveCfg = Debug|Any CPU
		{3B745FB6-EE81-49DC-A0F0-A520D5244595}.Debug|Any CPU.Build.0 = Debug|Any CPU
		{3B745FB6-EE81-49DC-A0F0-A520D5244595}.Release|Any CPU.ActiveCfg = Release|Any CPU
		{3B745FB6-EE81-49DC-A0F0-A520D5244595}.Release|Any CPU.Build.0 = Release|Any CPU
	EndGlobalSection
	GlobalSection(SolutionProperties) = preSolution
		HideSolutionNode = FALSE
	EndGlobalSection
	GlobalSection(ExtensibilityGlobals) = postSolution
		SolutionGuid = {57CDC7F8-A1BA-4B6E-92E5-F18B158AE44D}
	EndGlobalSection
EndGlobal
