
Microsoft Visual Studio Solution File, Format Version 12.00
# Visual Studio Version 17
VisualStudioVersion = 17.4.33213.308
MinimumVisualStudioVersion = 10.0.40219.1
Project("{FAE04EC0-301F-11D3-BF4B-00C04F79EFBC}") = "aula do plano cartesiano", "aula do plano cartesiano\aula do plano cartesiano.csproj", "{AE0D88CF-187C-4277-B644-DB59B405F6E4}"
EndProject
Global
	GlobalSection(SolutionConfigurationPlatforms) = preSolution
		Debug|Any CPU = Debug|Any CPU
		Release|Any CPU = Release|Any CPU
	EndGlobalSection
	GlobalSection(ProjectConfigurationPlatforms) = postSolution
		{AE0D88CF-187C-4277-B644-DB59B405F6E4}.Debug|Any CPU.ActiveCfg = Debug|Any CPU
		{AE0D88CF-187C-4277-B644-DB59B405F6E4}.Debug|Any CPU.Build.0 = Debug|Any CPU
		{AE0D88CF-187C-4277-B644-DB59B405F6E4}.Release|Any CPU.ActiveCfg = Release|Any CPU
		{AE0D88CF-187C-4277-B644-DB59B405F6E4}.Release|Any CPU.Build.0 = Release|Any CPU
	EndGlobalSection
	GlobalSection(SolutionProperties) = preSolution
		HideSolutionNode = FALSE
	EndGlobalSection
	GlobalSection(ExtensibilityGlobals) = postSolution
		SolutionGuid = {A2C034BF-C80A-49F0-9338-CF8CB4B0232F}
	EndGlobalSection
EndGlobal
