
Microsoft Visual Studio Solution File, Format Version 12.00
# Visual Studio Version 17
VisualStudioVersion = 17.4.33213.308
MinimumVisualStudioVersion = 10.0.40219.1
Project("{FAE04EC0-301F-11D3-BF4B-00C04F79EFBC}") = "exercicio calculadora", "exercicio calculadora\exercicio calculadora.csproj", "{C8871734-8224-48EE-B781-47C2E45DF234}"
EndProject
Global
	GlobalSection(SolutionConfigurationPlatforms) = preSolution
		Debug|Any CPU = Debug|Any CPU
		Release|Any CPU = Release|Any CPU
	EndGlobalSection
	GlobalSection(ProjectConfigurationPlatforms) = postSolution
		{C8871734-8224-48EE-B781-47C2E45DF234}.Debug|Any CPU.ActiveCfg = Debug|Any CPU
		{C8871734-8224-48EE-B781-47C2E45DF234}.Debug|Any CPU.Build.0 = Debug|Any CPU
		{C8871734-8224-48EE-B781-47C2E45DF234}.Release|Any CPU.ActiveCfg = Release|Any CPU
		{C8871734-8224-48EE-B781-47C2E45DF234}.Release|Any CPU.Build.0 = Release|Any CPU
	EndGlobalSection
	GlobalSection(SolutionProperties) = preSolution
		HideSolutionNode = FALSE
	EndGlobalSection
	GlobalSection(ExtensibilityGlobals) = postSolution
		SolutionGuid = {D295D624-CE71-45DB-8658-17539D3D58FE}
	EndGlobalSection
EndGlobal
