
Microsoft Visual Studio Solution File, Format Version 12.00
# Visual Studio Version 17
VisualStudioVersion = 17.4.33213.308
MinimumVisualStudioVersion = 10.0.40219.1
Project("{FAE04EC0-301F-11D3-BF4B-00C04F79EFBC}") = "farenheit e celsius", "farenheit e celsius\farenheit e celsius.csproj", "{192FE4FB-597D-4BD3-9EFB-DA07447B9FE8}"
EndProject
Global
	GlobalSection(SolutionConfigurationPlatforms) = preSolution
		Debug|Any CPU = Debug|Any CPU
		Release|Any CPU = Release|Any CPU
	EndGlobalSection
	GlobalSection(ProjectConfigurationPlatforms) = postSolution
		{192FE4FB-597D-4BD3-9EFB-DA07447B9FE8}.Debug|Any CPU.ActiveCfg = Debug|Any CPU
		{192FE4FB-597D-4BD3-9EFB-DA07447B9FE8}.Debug|Any CPU.Build.0 = Debug|Any CPU
		{192FE4FB-597D-4BD3-9EFB-DA07447B9FE8}.Release|Any CPU.ActiveCfg = Release|Any CPU
		{192FE4FB-597D-4BD3-9EFB-DA07447B9FE8}.Release|Any CPU.Build.0 = Release|Any CPU
	EndGlobalSection
	GlobalSection(SolutionProperties) = preSolution
		HideSolutionNode = FALSE
	EndGlobalSection
	GlobalSection(ExtensibilityGlobals) = postSolution
		SolutionGuid = {C9A81727-FB69-4BE7-8FDB-E1DA8B912C5E}
	EndGlobalSection
EndGlobal
